
Microsoft Visual Studio Solution File, Format Version 12.00
# Visual Studio Version 17
VisualStudioVersion = 17.4.33205.214
MinimumVisualStudioVersion = 10.0.40219.1
Project("{FAE04EC0-301F-11D3-BF4B-00C04F79EFBC}") = "NoteBook", "NoteBook\NoteBook.csproj", "{96786BB5-BA8B-4D2A-9DFB-7E7A91945AEE}"
EndProject
Global
	GlobalSection(SolutionConfigurationPlatforms) = preSolution
		Debug|Any CPU = Debug|Any CPU
		Release|Any CPU = Release|Any CPU
	EndGlobalSection
	GlobalSection(ProjectConfigurationPlatforms) = postSolution
		{96786BB5-BA8B-4D2A-9DFB-7E7A91945AEE}.Debug|Any CPU.ActiveCfg = Debug|Any CPU
		{96786BB5-BA8B-4D2A-9DFB-7E7A91945AEE}.Debug|Any CPU.Build.0 = Debug|Any CPU
		{96786BB5-BA8B-4D2A-9DFB-7E7A91945AEE}.Release|Any CPU.ActiveCfg = Release|Any CPU
		{96786BB5-BA8B-4D2A-9DFB-7E7A91945AEE}.Release|Any CPU.Build.0 = Release|Any CPU
	EndGlobalSection
	GlobalSection(SolutionProperties) = preSolution
		HideSolutionNode = FALSE
	EndGlobalSection
	GlobalSection(ExtensibilityGlobals) = postSolution
		SolutionGuid = {B99F9B53-11A4-4A2B-A268-91967D3A3453}
	EndGlobalSection
EndGlobal
